Seems there are three pieces for the key to the airport. Ahead of you are multiple branches, 'merge' the branches in the correct order and you shall find part of the clues to the answer. Each branch is named after a significant event in the darkest timeline. Merge them by the time they were introduced.
